// !$*UTF8*$!
{
	archiveVersion = 1;
	classes = {
	};
	objectVersion = 110;
	objects = {

/* Begin PBXBuildFile section */
		7FEDAF143078F792004AC6C2 /* AppDelegate.swift in Sources */ = {isa = PBXBuildFile; fileRef = 7FEDAF133078F792004AC6C2 /* AppDelegate.swift */; };
		7FEDAF163078F792004AC6C2 /* SceneDelegate.swift in Sources */ = {isa = PBXBuildFile; fileRef = 7FEDAF153078F792004AC6C2 /* SceneDelegate.swift */; };
		7FEDAF193078F792004AC6C2 /* LaunchScreen.storyboard in Resources */ = {isa = PBXBuildFile; fileRef = 7FEDAF173078F792004AC6C2 /* LaunchScreen.storyboard */; };
		7FEDAF1C3078F792004AC6C2 /* Main.storyboard in Resources */ = {isa = PBXBuildFile; fileRef = 7FEDAF1A3078F792004AC6C2 /* Main.storyboard */; };
		7FEDAF253078F792004AC6C2 /* AppDelegate.swift in Sources */ = {isa = PBXBuildFile; fileRef = 7FEDAF243078F792004AC6C2 /* AppDelegate.swift */; };
		7FEDAF283078F792004AC6C2 /* Main.storyboard in Resources */ = {isa = PBXBuildFile; fileRef = 7FEDAF263078F792004AC6C2 /* Main.storyboard */; };
		7FEDAF2F3078F792004AC6C2 /* TUWien-MFA-Autofill Extension.appex in Embed Foundation Extensions */ = {isa = PBXBuildFile; fileRef = 7FEDAF2E3078F792004AC6C2 /* TUWien-MFA-Autofill Extension.appex */; settings = {ATTRIBUTES = (RemoveHeadersOnCopy, ); }; };
		7FEDAF393078F792004AC6C2 /* TUWien-MFA-Autofill Extension.appex in Embed Foundation Extensions */ = {isa = PBXBuildFile; fileRef = 7FEDAF383078F792004AC6C2 /* TUWien-MFA-Autofill Extension.appex */; settings = {ATTRIBUTES = (RemoveHeadersOnCopy, ); }; };
		7FEDAF3E3078F792004AC6C2 /* Main.html in Resources */ = {isa = PBXBuildFile; fileRef = 7FEDAF033078F791004AC6C2 /* Main.html */; };
		7FEDAF3F3078F792004AC6C2 /* Main.html in Resources */ = {isa = PBXBuildFile; fileRef = 7FEDAF033078F791004AC6C2 /* Main.html */; };
		7FEDAF403078F792004AC6C2 /* Icon.png in Resources */ = {isa = PBXBuildFile; fileRef = 7FEDAF053078F791004AC6C2 /* Icon.png */; };
		7FEDAF413078F792004AC6C2 /* Icon.png in Resources */ = {isa = PBXBuildFile; fileRef = 7FEDAF053078F791004AC6C2 /* Icon.png */; };
		7FEDAF423078F792004AC6C2 /* Style.css in Resources */ = {isa = PBXBuildFile; fileRef = 7FEDAF063078F791004AC6C2 /* Style.css */; };
		7FEDAF433078F792004AC6C2 /* Style.css in Resources */ = {isa = PBXBuildFile; fileRef = 7FEDAF063078F791004AC6C2 /* Style.css */; };
		7FEDAF443078F792004AC6C2 /* Script.js in Resources */ = {isa = PBXBuildFile; fileRef = 7FEDAF073078F791004AC6C2 /* Script.js */; };
		7FEDAF453078F792004AC6C2 /* Script.js in Resources */ = {isa = PBXBuildFile; fileRef = 7FEDAF073078F791004AC6C2 /* Script.js */; };
		7FEDAF463078F792004AC6C2 /* ViewController.swift in Sources */ = {isa = PBXBuildFile; fileRef = 7FEDAF083078F791004AC6C2 /* ViewController.swift */; };
		7FEDAF473078F792004AC6C2 /* ViewController.swift in Sources */ = {isa = PBXBuildFile; fileRef = 7FEDAF083078F791004AC6C2 /* ViewController.swift */; };
		7FEDAF483078F792004AC6C2 /* Assets.xcassets in Resources */ = {isa = PBXBuildFile; fileRef = 7FEDAF093078F792004AC6C2 /* Assets.xcassets */; };
		7FEDAF493078F792004AC6C2 /* Assets.xcassets in Resources */ = {isa = PBXBuildFile; fileRef = 7FEDAF093078F792004AC6C2 /* Assets.xcassets */; };
		7FEDAF4A3078F792004AC6C2 /* SafariWebExtensionHandler.swift in Sources */ = {isa = PBXBuildFile; fileRef = 7FEDAF0B3078F792004AC6C2 /* SafariWebExtensionHandler.swift */; };
		7FEDAF4B3078F792004AC6C2 /* SafariWebExtensionHandler.swift in Sources */ = {isa = PBXBuildFile; fileRef = 7FEDAF0B3078F792004AC6C2 /* SafariWebExtensionHandler.swift */; };
		7FEDAF663078F792004AC6C2 /* core.js in Resources */ = {isa = PBXBuildFile; fileRef = 7FEDAF5D3078F792004AC6C2 /* core.js */; };
		7FEDAF673078F792004AC6C2 /* background.js in Resources */ = {isa = PBXBuildFile; fileRef = 7FEDAF5E3078F792004AC6C2 /* background.js */; };
		7FEDAF683078F792004AC6C2 /* options.js in Resources */ = {isa = PBXBuildFile; fileRef = 7FEDAF5F3078F792004AC6C2 /* options.js */; };
		7FEDAF693078F792004AC6C2 /* compat.js in Resources */ = {isa = PBXBuildFile; fileRef = 7FEDAF603078F792004AC6C2 /* compat.js */; };
		7FEDAF6A3078F792004AC6C2 /* manifest.json in Resources */ = {isa = PBXBuildFile; fileRef = 7FEDAF613078F792004AC6C2 /* manifest.json */; };
		7FEDAF6B3078F792004AC6C2 /* options.html in Resources */ = {isa = PBXBuildFile; fileRef = 7FEDAF623078F792004AC6C2 /* options.html */; };
		7FEDAF6C3078F792004AC6C2 /* service-worker.js in Resources */ = {isa = PBXBuildFile; fileRef = 7FEDAF633078F792004AC6C2 /* service-worker.js */; };
		7FEDAF6D3078F792004AC6C2 /* content.js in Resources */ = {isa = PBXBuildFile; fileRef = 7FEDAF643078F792004AC6C2 /* content.js */; };
		7FEDAF6E3078F792004AC6C2 /* options.css in Resources */ = {isa = PBXBuildFile; fileRef = 7FEDAF653078F792004AC6C2 /* options.css */; };
		7FEDAF6F3078F792004AC6C2 /* core.js in Resources */ = {isa = PBXBuildFile; fileRef = 7FEDAF5D3078F792004AC6C2 /* core.js */; };
		7FEDAF703078F792004AC6C2 /* background.js in Resources */ = {isa = PBXBuildFile; fileRef = 7FEDAF5E3078F792004AC6C2 /* background.js */; };
		7FEDAF713078F792004AC6C2 /* options.js in Resources */ = {isa = PBXBuildFile; fileRef = 7FEDAF5F3078F792004AC6C2 /* options.js */; };
		7FEDAF723078F792004AC6C2 /* compat.js in Resources */ = {isa = PBXBuildFile; fileRef = 7FEDAF603078F792004AC6C2 /* compat.js */; };
		7FEDAF733078F792004AC6C2 /* manifest.json in Resources */ = {isa = PBXBuildFile; fileRef = 7FEDAF613078F792004AC6C2 /* manifest.json */; };
		7FEDAF743078F792004AC6C2 /* options.html in Resources */ = {isa = PBXBuildFile; fileRef = 7FEDAF623078F792004AC6C2 /* options.html */; };
		7FEDAF753078F792004AC6C2 /* service-worker.js in Resources */ = {isa = PBXBuildFile; fileRef = 7FEDAF633078F792004AC6C2 /* service-worker.js */; };
		7FEDAF763078F792004AC6C2 /* content.js in Resources */ = {isa = PBXBuildFile; fileRef = 7FEDAF643078F792004AC6C2 /* content.js */; };
		7FEDAF773078F792004AC6C2 /* options.css in Resources */ = {isa = PBXBuildFile; fileRef = 7FEDAF653078F792004AC6C2 /* options.css */; };
/* End PBXBuildFile section */

/* Begin PBXContainerItemProxy section */
		7FEDAF303078F792004AC6C2 /* PBXContainerItemProxy */ = {
			isa = PBXContainerItemProxy;
			containerPortal = 7FEDAEFD3078F791004AC6C2 /* Project object */;
			proxyType = 1;
			remoteGlobalIDString = 7FEDAF2D3078F792004AC6C2;
			remoteInfo = "TUWien-MFA-Autofill Extension (iOS)";
		};
		7FEDAF3A3078F792004AC6C2 /* PBXContainerItemProxy */ = {
			isa = PBXContainerItemProxy;
			containerPortal = 7FEDAEFD3078F791004AC6C2 /* Project object */;
			proxyType = 1;
			remoteGlobalIDString = 7FEDAF373078F792004AC6C2;
			remoteInfo = "TUWien-MFA-Autofill Extension (macOS)";
		};
/* End PBXContainerItemProxy section */

/* Begin PBXCopyFilesBuildPhase section */
		7FEDAF513078F792004AC6C2 /* Embed Foundation Extensions */ = {
			isa = PBXCopyFilesBuildPhase;
			dstPath = "";
			dstSubfolder = PlugIns;
			files = (
				7FEDAF2F3078F792004AC6C2 /* TUWien-MFA-Autofill Extension.appex in Embed Foundation Extensions */,
			);
			name = "Embed Foundation Extensions";
		};
		7FEDAF583078F792004AC6C2 /* Embed Foundation Extensions */ = {
			isa = PBXCopyFilesBuildPhase;
			dstPath = "";
			dstSubfolder = PlugIns;
			files = (
				7FEDAF393078F792004AC6C2 /* TUWien-MFA-Autofill Extension.appex in Embed Foundation Extensions */,
			);
			name = "Embed Foundation Extensions";
		};
/* End PBXCopyFilesBuildPhase section */

/* Begin PBXFileReference section */
		7FEDAF043078F791004AC6C2 /* Base */ = {isa = PBXFileReference; lastKnownFileType = text.html; name = Base; path = Base.lproj/Main.html; sourceTree = "<group>"; };
		7FEDAF053078F791004AC6C2 /* Icon.png */ = {isa = PBXFileReference; lastKnownFileType = image.png; path = Icon.png; sourceTree = "<group>"; };
		7FEDAF063078F791004AC6C2 /* Style.css */ = {isa = PBXFileReference; lastKnownFileType = text.css; path = Style.css; sourceTree = "<group>"; };
		7FEDAF073078F791004AC6C2 /* Script.js */ = {isa = PBXFileReference; lastKnownFileType = sourcecode.javascript; path = Script.js; sourceTree = "<group>"; };
		7FEDAF083078F791004AC6C2 /* ViewController.swift */ = {isa = PBXFileReference; lastKnownFileType = sourcecode.swift; path = ViewController.swift; sourceTree = "<group>"; };
		7FEDAF093078F792004AC6C2 /* Assets.xcassets */ = {isa = PBXFileReference; lastKnownFileType = folder.assetcatalog; path = Assets.xcassets; sourceTree = "<group>"; };
		7FEDAF0B3078F792004AC6C2 /* SafariWebExtensionHandler.swift */ = {isa = PBXFileReference; lastKnownFileType = sourcecode.swift; path = SafariWebExtensionHandler.swift; sourceTree = "<group>"; };
		7FEDAF103078F792004AC6C2 /* TUWien-MFA-Autofill.app */ = {isa = PBXFileReference; explicitFileType = wrapper.application; includeInIndex = 0; path = "TUWien-MFA-Autofill.app"; sourceTree = BUILT_PRODUCTS_DIR; };
		7FEDAF133078F792004AC6C2 /* AppDelegate.swift */ = {isa = PBXFileReference; lastKnownFileType = sourcecode.swift; path = AppDelegate.swift; sourceTree = "<group>"; };
		7FEDAF153078F792004AC6C2 /* SceneDelegate.swift */ = {isa = PBXFileReference; lastKnownFileType = sourcecode.swift; path = SceneDelegate.swift; sourceTree = "<group>"; };
		7FEDAF183078F792004AC6C2 /* Base */ = {isa = PBXFileReference; lastKnownFileType = file.storyboard; name = Base; path = Base.lproj/LaunchScreen.storyboard; sourceTree = "<group>"; };
		7FEDAF1B3078F792004AC6C2 /* Base */ = {isa = PBXFileReference; lastKnownFileType = file.storyboard; name = Base; path = Base.lproj/Main.storyboard; sourceTree = "<group>"; };
		7FEDAF1D3078F792004AC6C2 /* Info.plist */ = {isa = PBXFileReference; lastKnownFileType = text.plist.xml; path = Info.plist; sourceTree = "<group>"; };
		7FEDAF223078F792004AC6C2 /* TUWien-MFA-Autofill.app */ = {isa = PBXFileReference; explicitFileType = wrapper.application; includeInIndex = 0; path = "TUWien-MFA-Autofill.app"; sourceTree = BUILT_PRODUCTS_DIR; };
		7FEDAF243078F792004AC6C2 /* AppDelegate.swift */ = {isa = PBXFileReference; lastKnownFileType = sourcecode.swift; path = AppDelegate.swift; sourceTree = "<group>"; };
		7FEDAF273078F792004AC6C2 /* Base */ = {isa = PBXFileReference; lastKnownFileType = file.storyboard; name = Base; path = Base.lproj/Main.storyboard; sourceTree = "<group>"; };
		7FEDAF293078F792004AC6C2 /* Info.plist */ = {isa = PBXFileReference; lastKnownFileType = text.plist.xml; path = Info.plist; sourceTree = "<group>"; };
		7FEDAF2E3078F792004AC6C2 /* TUWien-MFA-Autofill Extension.appex */ = {isa = PBXFileReference; explicitFileType = "wrapper.app-extension"; includeInIndex = 0; path = "TUWien-MFA-Autofill Extension.appex"; sourceTree = BUILT_PRODUCTS_DIR; };
		7FEDAF333078F792004AC6C2 /* Info.plist */ = {isa = PBXFileReference; lastKnownFileType = text.plist.xml; path = Info.plist; sourceTree = "<group>"; };
		7FEDAF383078F792004AC6C2 /* TUWien-MFA-Autofill Extension.appex */ = {isa = PBXFileReference; explicitFileType = "wrapper.app-extension"; includeInIndex = 0; path = "TUWien-MFA-Autofill Extension.appex"; sourceTree = BUILT_PRODUCTS_DIR; };
		7FEDAF3D3078F792004AC6C2 /* Info.plist */ = {isa = PBXFileReference; lastKnownFileType = text.plist.xml; path = Info.plist; sourceTree = "<group>"; };
		7FEDAF5D3078F792004AC6C2 /* core.js */ = {isa = PBXFileReference; lastKnownFileType = sourcecode.javascript; name = core.js; path = ../../../dist/safari/core.js; sourceTree = "<group>"; };
		7FEDAF5E3078F792004AC6C2 /* background.js */ = {isa = PBXFileReference; lastKnownFileType = sourcecode.javascript; name = background.js; path = ../../../dist/safari/background.js; sourceTree = "<group>"; };
		7FEDAF5F3078F792004AC6C2 /* options.js */ = {isa = PBXFileReference; lastKnownFileType = sourcecode.javascript; name = options.js; path = ../../../dist/safari/options.js; sourceTree = "<group>"; };
		7FEDAF603078F792004AC6C2 /* compat.js */ = {isa = PBXFileReference; lastKnownFileType = sourcecode.javascript; name = compat.js; path = ../../../dist/safari/compat.js; sourceTree = "<group>"; };
		7FEDAF613078F792004AC6C2 /* manifest.json */ = {isa = PBXFileReference; lastKnownFileType = text.json; name = manifest.json; path = ../../../dist/safari/manifest.json; sourceTree = "<group>"; };
		7FEDAF623078F792004AC6C2 /* options.html */ = {isa = PBXFileReference; lastKnownFileType = text.html; name = options.html; path = ../../../dist/safari/options.html; sourceTree = "<group>"; };
		7FEDAF633078F792004AC6C2 /* service-worker.js */ = {isa = PBXFileReference; lastKnownFileType = sourcecode.javascript; name = "service-worker.js"; path = "../../../dist/safari/service-worker.js"; sourceTree = "<group>"; };
		7FEDAF643078F792004AC6C2 /* content.js */ = {isa = PBXFileReference; lastKnownFileType = sourcecode.javascript; name = content.js; path = ../../../dist/safari/content.js; sourceTree = "<group>"; };
		7FEDAF653078F792004AC6C2 /* options.css */ = {isa = PBXFileReference; lastKnownFileType = text.css; name = options.css; path = ../../../dist/safari/options.css; sourceTree = "<group>"; };
/* End PBXFileReference section */

/* Begin PBXFrameworksBuildPhase section */
		7FEDAF0D3078F792004AC6C2 /* Frameworks */ = {
			isa = PBXFrameworksBuildPhase;
			files = (
			);
		};
		7FEDAF1F3078F792004AC6C2 /* Frameworks */ = {
			isa = PBXFrameworksBuildPhase;
			files = (
			);
		};
		7FEDAF2B3078F792004AC6C2 /* Frameworks */ = {
			isa = PBXFrameworksBuildPhase;
			files = (
			);
		};
		7FEDAF353078F792004AC6C2 /* Frameworks */ = {
			isa = PBXFrameworksBuildPhase;
			files = (
			);
		};
/* End PBXFrameworksBuildPhase section */

/* Begin PBXGroup section */
		7FEDAEFC3078F791004AC6C2 = {
			isa = PBXGroup;
			children = (
				7FEDAF013078F791004AC6C2 /* Shared (App) */,
				7FEDAF0A3078F792004AC6C2 /* Shared (Extension) */,
				7FEDAF123078F792004AC6C2 /* iOS (App) */,
				7FEDAF233078F792004AC6C2 /* macOS (App) */,
				7FEDAF323078F792004AC6C2 /* iOS (Extension) */,
				7FEDAF3C3078F792004AC6C2 /* macOS (Extension) */,
				7FEDAF113078F792004AC6C2 /* Products */,
			);
			sourceTree = "<group>";
		};
		7FEDAF013078F791004AC6C2 /* Shared (App) */ = {
			isa = PBXGroup;
			children = (
				7FEDAF083078F791004AC6C2 /* ViewController.swift */,
				7FEDAF093078F792004AC6C2 /* Assets.xcassets */,
				7FEDAF023078F791004AC6C2 /* Resources */,
			);
			path = "Shared (App)";
			sourceTree = "<group>";
		};
		7FEDAF023078F791004AC6C2 /* Resources */ = {
			isa = PBXGroup;
			children = (
				7FEDAF033078F791004AC6C2 /* Main.html */,
				7FEDAF053078F791004AC6C2 /* Icon.png */,
				7FEDAF063078F791004AC6C2 /* Style.css */,
				7FEDAF073078F791004AC6C2 /* Script.js */,
			);
			path = Resources;
			sourceTree = "<group>";
		};
		7FEDAF0A3078F792004AC6C2 /* Shared (Extension) */ = {
			isa = PBXGroup;
			children = (
				7FEDAF5C3078F792004AC6C2 /* Resources */,
				7FEDAF0B3078F792004AC6C2 /* SafariWebExtensionHandler.swift */,
			);
			path = "Shared (Extension)";
			sourceTree = "<group>";
		};
		7FEDAF113078F792004AC6C2 /* Products */ = {
			isa = PBXGroup;
			children = (
				7FEDAF103078F792004AC6C2 /* TUWien-MFA-Autofill.app */,
				7FEDAF223078F792004AC6C2 /* TUWien-MFA-Autofill.app */,
				7FEDAF2E3078F792004AC6C2 /* TUWien-MFA-Autofill Extension.appex */,
				7FEDAF383078F792004AC6C2 /* TUWien-MFA-Autofill Extension.appex */,
			);
			name = Products;
			sourceTree = "<group>";
		};
		7FEDAF123078F792004AC6C2 /* iOS (App) */ = {
			isa = PBXGroup;
			children = (
				7FEDAF133078F792004AC6C2 /* AppDelegate.swift */,
				7FEDAF153078F792004AC6C2 /* SceneDelegate.swift */,
				7FEDAF173078F792004AC6C2 /* LaunchScreen.storyboard */,
				7FEDAF1A3078F792004AC6C2 /* Main.storyboard */,
				7FEDAF1D3078F792004AC6C2 /* Info.plist */,
			);
			path = "iOS (App)";
			sourceTree = "<group>";
		};
		7FEDAF233078F792004AC6C2 /* macOS (App) */ = {
			isa = PBXGroup;
			children = (
				7FEDAF243078F792004AC6C2 /* AppDelegate.swift */,
				7FEDAF263078F792004AC6C2 /* Main.storyboard */,
				7FEDAF293078F792004AC6C2 /* Info.plist */,
			);
			path = "macOS (App)";
			sourceTree = "<group>";
		};
		7FEDAF323078F792004AC6C2 /* iOS (Extension) */ = {
			isa = PBXGroup;
			children = (
				7FEDAF333078F792004AC6C2 /* Info.plist */,
			);
			path = "iOS (Extension)";
			sourceTree = "<group>";
		};
		7FEDAF3C3078F792004AC6C2 /* macOS (Extension) */ = {
			isa = PBXGroup;
			children = (
				7FEDAF3D3078F792004AC6C2 /* Info.plist */,
			);
			path = "macOS (Extension)";
			sourceTree = "<group>";
		};
		7FEDAF5C3078F792004AC6C2 /* Resources */ = {
			isa = PBXGroup;
			children = (
				7FEDAF5D3078F792004AC6C2 /* core.js */,
				7FEDAF5E3078F792004AC6C2 /* background.js */,
				7FEDAF5F3078F792004AC6C2 /* options.js */,
				7FEDAF603078F792004AC6C2 /* compat.js */,
				7FEDAF613078F792004AC6C2 /* manifest.json */,
				7FEDAF623078F792004AC6C2 /* options.html */,
				7FEDAF633078F792004AC6C2 /* service-worker.js */,
				7FEDAF643078F792004AC6C2 /* content.js */,
				7FEDAF653078F792004AC6C2 /* options.css */,
			);
			name = Resources;
			path = "Shared (Extension)";
			sourceTree = SOURCE_ROOT;
		};
/* End PBXGroup section */

/* Begin PBXNativeTarget section */
		7FEDAF0F3078F792004AC6C2 /* TUWien-MFA-Autofill (iOS) */ = {
			isa = PBXNativeTarget;
			buildConfigurationList = 7FEDAF523078F792004AC6C2 /* Build configuration list for PBXNativeTarget "TUWien-MFA-Autofill (iOS)" */;
			buildPhases = (
				7FEDAF0C3078F792004AC6C2 /* Sources */,
				7FEDAF0D3078F792004AC6C2 /* Frameworks */,
				7FEDAF0E3078F792004AC6C2 /* Resources */,
				7FEDAF513078F792004AC6C2 /* Embed Foundation Extensions */,
			);
			buildRules = (
			);
			dependencies = (
				7FEDAF313078F792004AC6C2 /* PBXTargetDependency */,
			);
			name = "TUWien-MFA-Autofill (iOS)";
			productName = "TUWien-MFA-Autofill (iOS)";
			productReference = 7FEDAF103078F792004AC6C2 /* TUWien-MFA-Autofill.app */;
			productType = "com.apple.product-type.application";
		};
		7FEDAF213078F792004AC6C2 /* TUWien-MFA-Autofill (macOS) */ = {
			isa = PBXNativeTarget;
			buildConfigurationList = 7FEDAF593078F792004AC6C2 /* Build configuration list for PBXNativeTarget "TUWien-MFA-Autofill (macOS)" */;
			buildPhases = (
				7FEDAF1E3078F792004AC6C2 /* Sources */,
				7FEDAF1F3078F792004AC6C2 /* Frameworks */,
				7FEDAF203078F792004AC6C2 /* Resources */,
				7FEDAF583078F792004AC6C2 /* Embed Foundation Extensions */,
			);
			buildRules = (
			);
			dependencies = (
				7FEDAF3B3078F792004AC6C2 /* PBXTargetDependency */,
			);
			name = "TUWien-MFA-Autofill (macOS)";
			productName = "TUWien-MFA-Autofill (macOS)";
			productReference = 7FEDAF223078F792004AC6C2 /* TUWien-MFA-Autofill.app */;
			productType = "com.apple.product-type.application";
		};
		7FEDAF2D3078F792004AC6C2 /* TUWien-MFA-Autofill Extension (iOS) */ = {
			isa = PBXNativeTarget;
			buildConfigurationList = 7FEDAF4E3078F792004AC6C2 /* Build configuration list for PBXNativeTarget "TUWien-MFA-Autofill Extension (iOS)" */;
			buildPhases = (
				7FEDAF2A3078F792004AC6C2 /* Sources */,
				7FEDAF2B3078F792004AC6C2 /* Frameworks */,
				7FEDAF2C3078F792004AC6C2 /* Resources */,
			);
			buildRules = (
			);
			name = "TUWien-MFA-Autofill Extension (iOS)";
			productName = "TUWien-MFA-Autofill Extension (iOS)";
			productReference = 7FEDAF2E3078F792004AC6C2 /* TUWien-MFA-Autofill Extension.appex */;
			productType = "com.apple.product-type.app-extension";
		};
		7FEDAF373078F792004AC6C2 /* TUWien-MFA-Autofill Extension (macOS) */ = {
			isa = PBXNativeTarget;
			buildConfigurationList = 7FEDAF553078F792004AC6C2 /* Build configuration list for PBXNativeTarget "TUWien-MFA-Autofill Extension (macOS)" */;
			buildPhases = (
				7FEDAF343078F792004AC6C2 /* Sources */,
				7FEDAF353078F792004AC6C2 /* Frameworks */,
				7FEDAF363078F792004AC6C2 /* Resources */,
			);
			buildRules = (
			);
			name = "TUWien-MFA-Autofill Extension (macOS)";
			productName = "TUWien-MFA-Autofill Extension (macOS)";
			productReference = 7FEDAF383078F792004AC6C2 /* TUWien-MFA-Autofill Extension.appex */;
			productType = "com.apple.product-type.app-extension";
		};
/* End PBXNativeTarget section */

/* Begin PBXProject section */
		7FEDAEFD3078F791004AC6C2 /* Project object */ = {
			isa = PBXProject;
			attributes = {
				BuildIndependentTargetsInParallel = 1;
				LastSwiftUpdateCheck = 2700;
				LastUpgradeCheck = 2700;
				TargetAttributes = {
					7FEDAF0F3078F792004AC6C2 = {
						CreatedOnToolsVersion = 27.0;
					};
					7FEDAF213078F792004AC6C2 = {
						CreatedOnToolsVersion = 27.0;
					};
					7FEDAF2D3078F792004AC6C2 = {
						CreatedOnToolsVersion = 27.0;
					};
					7FEDAF373078F792004AC6C2 = {
						CreatedOnToolsVersion = 27.0;
					};
				};
			};
			buildConfigurationList = 7FEDAF003078F791004AC6C2 /* Build configuration list for PBXProject "TUWien-MFA-Autofill" */;
			developmentRegion = en;
			hasScannedForEncodings = 0;
			knownRegions = (
				en,
				Base,
			);
			mainGroup = 7FEDAEFC3078F791004AC6C2;
			minimizedProjectReferenceProxies = 1;
			preferredProjectObjectVersion = 77;
			productRefGroup = 7FEDAF113078F792004AC6C2 /* Products */;
			projectDirPath = "";
			projectRoot = "";
			targets = (
				7FEDAF0F3078F792004AC6C2 /* TUWien-MFA-Autofill (iOS) */,
				7FEDAF213078F792004AC6C2 /* TUWien-MFA-Autofill (macOS) */,
				7FEDAF2D3078F792004AC6C2 /* TUWien-MFA-Autofill Extension (iOS) */,
				7FEDAF373078F792004AC6C2 /* TUWien-MFA-Autofill Extension (macOS) */,
			);
		};
/* End PBXProject section */

/* Begin PBXResourcesBuildPhase section */
		7FEDAF0E3078F792004AC6C2 /* Resources */ = {
			isa = PBXResourcesBuildPhase;
			files = (
				7FEDAF403078F792004AC6C2 /* Icon.png in Resources */,
				7FEDAF193078F792004AC6C2 /* LaunchScreen.storyboard in Resources */,
				7FEDAF3E3078F792004AC6C2 /* Main.html in Resources */,
				7FEDAF443078F792004AC6C2 /* Script.js in Resources */,
				7FEDAF483078F792004AC6C2 /* Assets.xcassets in Resources */,
				7FEDAF1C3078F792004AC6C2 /* Main.storyboard in Resources */,
				7FEDAF423078F792004AC6C2 /* Style.css in Resources */,
			);
		};
		7FEDAF203078F792004AC6C2 /* Resources */ = {
			isa = PBXResourcesBuildPhase;
			files = (
				7FEDAF413078F792004AC6C2 /* Icon.png in Resources */,
				7FEDAF433078F792004AC6C2 /* Style.css in Resources */,
				7FEDAF283078F792004AC6C2 /* Main.storyboard in Resources */,
				7FEDAF453078F792004AC6C2 /* Script.js in Resources */,
				7FEDAF493078F792004AC6C2 /* Assets.xcassets in Resources */,
				7FEDAF3F3078F792004AC6C2 /* Main.html in Resources */,
			);
		};
		7FEDAF2C3078F792004AC6C2 /* Resources */ = {
			isa = PBXResourcesBuildPhase;
			files = (
				7FEDAF763078F792004AC6C2 /* content.js in Resources */,
				7FEDAF753078F792004AC6C2 /* service-worker.js in Resources */,
				7FEDAF773078F792004AC6C2 /* options.css in Resources */,
				7FEDAF723078F792004AC6C2 /* compat.js in Resources */,
				7FEDAF703078F792004AC6C2 /* background.js in Resources */,
				7FEDAF733078F792004AC6C2 /* manifest.json in Resources */,
				7FEDAF713078F792004AC6C2 /* options.js in Resources */,
				7FEDAF6F3078F792004AC6C2 /* core.js in Resources */,
				7FEDAF743078F792004AC6C2 /* options.html in Resources */,
			);
		};
		7FEDAF363078F792004AC6C2 /* Resources */ = {
			isa = PBXResourcesBuildPhase;
			files = (
				7FEDAF6D3078F792004AC6C2 /* content.js in Resources */,
				7FEDAF6C3078F792004AC6C2 /* service-worker.js in Resources */,
				7FEDAF6E3078F792004AC6C2 /* options.css in Resources */,
				7FEDAF693078F792004AC6C2 /* compat.js in Resources */,
				7FEDAF673078F792004AC6C2 /* background.js in Resources */,
				7FEDAF6A3078F792004AC6C2 /* manifest.json in Resources */,
				7FEDAF683078F792004AC6C2 /* options.js in Resources */,
				7FEDAF663078F792004AC6C2 /* core.js in Resources */,
				7FEDAF6B3078F792004AC6C2 /* options.html in Resources */,
			);
		};
/* End PBXResourcesBuildPhase section */

/* Begin PBXSourcesBuildPhase section */
		7FEDAF0C3078F792004AC6C2 /* Sources */ = {
			isa = PBXSourcesBuildPhase;
			files = (
				7FEDAF463078F792004AC6C2 /* ViewController.swift in Sources */,
				7FEDAF143078F792004AC6C2 /* AppDelegate.swift in Sources */,
				7FEDAF163078F792004AC6C2 /* SceneDelegate.swift in Sources */,
			);
		};
		7FEDAF1E3078F792004AC6C2 /* Sources */ = {
			isa = PBXSourcesBuildPhase;
			files = (
				7FEDAF473078F792004AC6C2 /* ViewController.swift in Sources */,
				7FEDAF253078F792004AC6C2 /* AppDelegate.swift in Sources */,
			);
		};
		7FEDAF2A3078F792004AC6C2 /* Sources */ = {
			isa = PBXSourcesBuildPhase;
			files = (
				7FEDAF4A3078F792004AC6C2 /* SafariWebExtensionHandler.swift in Sources */,
			);
		};
		7FEDAF343078F792004AC6C2 /* Sources */ = {
			isa = PBXSourcesBuildPhase;
			files = (
				7FEDAF4B3078F792004AC6C2 /* SafariWebExtensionHandler.swift in Sources */,
			);
		};
/* End PBXSourcesBuildPhase section */

/* Begin PBXTargetDependency section */
		7FEDAF313078F792004AC6C2 /* PBXTargetDependency */ = {
			isa = PBXTargetDependency;
			target = 7FEDAF2D3078F792004AC6C2 /* TUWien-MFA-Autofill Extension (iOS) */;
			targetProxy = 7FEDAF303078F792004AC6C2 /* PBXContainerItemProxy */;
		};
		7FEDAF3B3078F792004AC6C2 /* PBXTargetDependency */ = {
			isa = PBXTargetDependency;
			target = 7FEDAF373078F792004AC6C2 /* TUWien-MFA-Autofill Extension (macOS) */;
			targetProxy = 7FEDAF3A3078F792004AC6C2 /* PBXContainerItemProxy */;
		};
/* End PBXTargetDependency section */

/* Begin PBXVariantGroup section */
		7FEDAF033078F791004AC6C2 /* Main.html */ = {
			isa = PBXVariantGroup;
			children = (
				7FEDAF043078F791004AC6C2 /* Base */,
			);
			name = Main.html;
			sourceTree = "<group>";
		};
		7FEDAF173078F792004AC6C2 /* LaunchScreen.storyboard */ = {
			isa = PBXVariantGroup;
			children = (
				7FEDAF183078F792004AC6C2 /* Base */,
			);
			name = LaunchScreen.storyboard;
			sourceTree = "<group>";
		};
		7FEDAF1A3078F792004AC6C2 /* Main.storyboard */ = {
			isa = PBXVariantGroup;
			children = (
				7FEDAF1B3078F792004AC6C2 /* Base */,
			);
			name = Main.storyboard;
			sourceTree = "<group>";
		};
		7FEDAF263078F792004AC6C2 /* Main.storyboard */ = {
			isa = PBXVariantGroup;
			children = (
				7FEDAF273078F792004AC6C2 /* Base */,
			);
			name = Main.storyboard;
			sourceTree = "<group>";
		};
/* End PBXVariantGroup section */

/* Begin XCBuildConfiguration section */
		7FEDAF4C3078F792004AC6C2 /* Debug configuration for PBXProject "TUWien-MFA-Autofill" */ = {
			isa = XCBuildConfiguration;
			buildSettings = {
				ALWAYS_SEARCH_USER_PATHS = NO;
				ASSETCATALOG_COMPILER_GENERATE_SWIFT_ASSET_SYMBOL_EXTENSIONS = YES;
				CLANG_ANALYZER_NONNULL = YES;
				CLANG_ANALYZER_NUMBER_OBJECT_CONVERSION = YES_AGGRESSIVE;
				CLANG_CXX_LANGUAGE_STANDARD = "gnu++20";
				CLANG_ENABLE_MODULES = YES;
				CLANG_ENABLE_OBJC_ARC = YES;
				CLANG_ENABLE_OBJC_WEAK = YES;
				CLANG_WARN_BLOCK_CAPTURE_AUTORELEASING = YES;
				CLANG_WARN_BOOL_CONVERSION = YES;
				CLANG_WARN_COMMA = YES;
				CLANG_WARN_CONSTANT_CONVERSION = YES;
				CLANG_WARN_DEPRECATED_OBJC_IMPLEMENTATIONS = YES;
				CLANG_WARN_DIRECT_OBJC_ISA_USAGE = YES_ERROR;
				CLANG_WARN_DOCUMENTATION_COMMENTS = YES;
				CLANG_WARN_EMPTY_BODY = YES;
				CLANG_WARN_ENUM_CONVERSION = YES;
				CLANG_WARN_INFINITE_RECURSION = YES;
				CLANG_WARN_INT_CONVERSION = YES;
				CLANG_WARN_NON_LITERAL_NULL_CONVERSION = YES;
				CLANG_WARN_OBJC_IMPLICIT_RETAIN_SELF = YES;
				CLANG_WARN_OBJC_LITERAL_CONVERSION = YES;
				CLANG_WARN_OBJC_ROOT_CLASS = YES_ERROR;
				CLANG_WARN_QUOTED_INCLUDE_IN_FRAMEWORK_HEADER = YES;
				CLANG_WARN_RANGE_LOOP_ANALYSIS = YES;
				CLANG_WARN_STRICT_PROTOTYPES = YES;
				CLANG_WARN_SUSPICIOUS_MOVE = YES;
				CLANG_WARN_UNGUARDED_AVAILABILITY = YES_AGGRESSIVE;
				CLANG_WARN_UNREACHABLE_CODE = YES;
				CLANG_WARN__DUPLICATE_METHOD_MATCH = YES;
				COPY_PHASE_STRIP = NO;
				DEBUG_INFORMATION_FORMAT = dwarf;
				ENABLE_STRICT_OBJC_MSGSEND = YES;
				ENABLE_TESTABILITY = YES;
				ENABLE_USER_SCRIPT_SANDBOXING = YES;
				GCC_C_LANGUAGE_STANDARD = gnu17;
				GCC_DYNAMIC_NO_PIC = NO;
				GCC_NO_COMMON_BLOCKS = YES;
				GCC_OPTIMIZATION_LEVEL = 0;
				GCC_PREPROCESSOR_DEFINITIONS = (
					"DEBUG=1",
					"$(inherited)",
				);
				GCC_WARN_64_TO_32_BIT_CONVERSION = YES;
				GCC_WARN_ABOUT_RETURN_TYPE = YES_ERROR;
				GCC_WARN_UNDECLARED_SELECTOR = YES;
				GCC_WARN_UNINITIALIZED_AUTOS = YES_AGGRESSIVE;
				GCC_WARN_UNUSED_FUNCTION = YES;
				GCC_WARN_UNUSED_VARIABLE = YES;
				LOCALIZATION_PREFERS_STRING_CATALOGS = YES;
				MTL_ENABLE_DEBUG_INFO = INCLUDE_SOURCE;
				MTL_FAST_MATH = YES;
				ONLY_ACTIVE_ARCH = YES;
				SWIFT_ACTIVE_COMPILATION_CONDITIONS = "DEBUG $(inherited)";
				SWIFT_OPTIMIZATION_LEVEL = "-Onone";
			};
			name = Debug;
		};
		7FEDAF4D3078F792004AC6C2 /* Release configuration for PBXProject "TUWien-MFA-Autofill" */ = {
			isa = XCBuildConfiguration;
			buildSettings = {
				ALWAYS_SEARCH_USER_PATHS = NO;
				ASSETCATALOG_COMPILER_GENERATE_SWIFT_ASSET_SYMBOL_EXTENSIONS = YES;
				CLANG_ANALYZER_NONNULL = YES;
				CLANG_ANALYZER_NUMBER_OBJECT_CONVERSION = YES_AGGRESSIVE;
				CLANG_CXX_LANGUAGE_STANDARD = "gnu++20";
				CLANG_ENABLE_MODULES = YES;
				CLANG_ENABLE_OBJC_ARC = YES;
				CLANG_ENABLE_OBJC_WEAK = YES;
				CLANG_WARN_BLOCK_CAPTURE_AUTORELEASING = YES;
				CLANG_WARN_BOOL_CONVERSION = YES;
				CLANG_WARN_COMMA = YES;
				CLANG_WARN_CONSTANT_CONVERSION = YES;
				CLANG_WARN_DEPRECATED_OBJC_IMPLEMENTATIONS = YES;
				CLANG_WARN_DIRECT_OBJC_ISA_USAGE = YES_ERROR;
				CLANG_WARN_DOCUMENTATION_COMMENTS = YES;
				CLANG_WARN_EMPTY_BODY = YES;
				CLANG_WARN_ENUM_CONVERSION = YES;
				CLANG_WARN_INFINITE_RECURSION = YES;
				CLANG_WARN_INT_CONVERSION = YES;
				CLANG_WARN_NON_LITERAL_NULL_CONVERSION = YES;
				CLANG_WARN_OBJC_IMPLICIT_RETAIN_SELF = YES;
				CLANG_WARN_OBJC_LITERAL_CONVERSION = YES;
				CLANG_WARN_OBJC_ROOT_CLASS = YES_ERROR;
				CLANG_WARN_QUOTED_INCLUDE_IN_FRAMEWORK_HEADER = YES;
				CLANG_WARN_RANGE_LOOP_ANALYSIS = YES;
				CLANG_WARN_STRICT_PROTOTYPES = YES;
				CLANG_WARN_SUSPICIOUS_MOVE = YES;
				CLANG_WARN_UNGUARDED_AVAILABILITY = YES_AGGRESSIVE;
				CLANG_WARN_UNREACHABLE_CODE = YES;
				CLANG_WARN__DUPLICATE_METHOD_MATCH = YES;
				COPY_PHASE_STRIP = NO;
				DEBUG_INFORMATION_FORMAT = "dwarf-with-dsym";
				ENABLE_NS_ASSERTIONS = NO;
				ENABLE_STRICT_OBJC_MSGSEND = YES;
				ENABLE_USER_SCRIPT_SANDBOXING = YES;
				GCC_C_LANGUAGE_STANDARD = gnu17;
				GCC_NO_COMMON_BLOCKS = YES;
				GCC_WARN_64_TO_32_BIT_CONVERSION = YES;
				GCC_WARN_ABOUT_RETURN_TYPE = YES_ERROR;
				GCC_WARN_UNDECLARED_SELECTOR = YES;
				GCC_WARN_UNINITIALIZED_AUTOS = YES_AGGRESSIVE;
				GCC_WARN_UNUSED_FUNCTION = YES;
				GCC_WARN_UNUSED_VARIABLE = YES;
				LOCALIZATION_PREFERS_STRING_CATALOGS = YES;
				MTL_ENABLE_DEBUG_INFO = NO;
				MTL_FAST_MATH = YES;
				SWIFT_COMPILATION_MODE = wholemodule;
			};
			name = Release;
		};
		7FEDAF4F3078F792004AC6C2 /* Debug configuration for PBXNativeTarget "TUWien-MFA-Autofill Extension (iOS)" */ = {
			isa = XCBuildConfiguration;
			buildSettings = {
				CODE_SIGN_STYLE = Automatic;
				CURRENT_PROJECT_VERSION = 1;
				DEVELOPMENT_TEAM = A7FH98MU68;
				GENERATE_INFOPLIST_FILE = YES;
				INFOPLIST_FILE = "iOS (Extension)/Info.plist";
				INFOPLIST_KEY_CFBundleDisplayName = "TUWien-MFA-Autofill Extension";
				INFOPLIST_KEY_NSHumanReadableCopyright = "";
				IPHONEOS_DEPLOYMENT_TARGET = 15.0;
				LD_RUNPATH_SEARCH_PATHS = (
					"$(inherited)",
					"@executable_path/Frameworks",
					"@executable_path/../../Frameworks",
				);
				MARKETING_VERSION = 1.0;
				OTHER_LDFLAGS = (
					"-framework",
					SafariServices,
				);
				PRODUCT_BUNDLE_IDENTIFIER = "io.github.thomasw2005.TUWien-MFA-Autofill.Extension";
				PRODUCT_NAME = "TUWien-MFA-Autofill Extension";
				SDKROOT = iphoneos;
				SKIP_INSTALL = YES;
				STRING_CATALOG_GENERATE_SYMBOLS = YES;
				SWIFT_APPROACHABLE_CONCURRENCY = YES;
				SWIFT_EMIT_LOC_STRINGS = YES;
				SWIFT_UPCOMING_FEATURE_MEMBER_IMPORT_VISIBILITY = YES;
				SWIFT_VERSION = 5.0;
				TARGETED_DEVICE_FAMILY = "1,2";
			};
			name = Debug;
		};
		7FEDAF503078F792004AC6C2 /* Release configuration for PBXNativeTarget "TUWien-MFA-Autofill Extension (iOS)" */ = {
			isa = XCBuildConfiguration;
			buildSettings = {
				CODE_SIGN_STYLE = Automatic;
				CURRENT_PROJECT_VERSION = 1;
				DEVELOPMENT_TEAM = A7FH98MU68;
				GENERATE_INFOPLIST_FILE = YES;
				INFOPLIST_FILE = "iOS (Extension)/Info.plist";
				INFOPLIST_KEY_CFBundleDisplayName = "TUWien-MFA-Autofill Extension";
				INFOPLIST_KEY_NSHumanReadableCopyright = "";
				IPHONEOS_DEPLOYMENT_TARGET = 15.0;
				LD_RUNPATH_SEARCH_PATHS = (
					"$(inherited)",
					"@executable_path/Frameworks",
					"@executable_path/../../Frameworks",
				);
				MARKETING_VERSION = 1.0;
				OTHER_LDFLAGS = (
					"-framework",
					SafariServices,
				);
				PRODUCT_BUNDLE_IDENTIFIER = "io.github.thomasw2005.TUWien-MFA-Autofill.Extension";
				PRODUCT_NAME = "TUWien-MFA-Autofill Extension";
				SDKROOT = iphoneos;
				SKIP_INSTALL = YES;
				STRING_CATALOG_GENERATE_SYMBOLS = YES;
				SWIFT_APPROACHABLE_CONCURRENCY = YES;
				SWIFT_EMIT_LOC_STRINGS = YES;
				SWIFT_UPCOMING_FEATURE_MEMBER_IMPORT_VISIBILITY = YES;
				SWIFT_VERSION = 5.0;
				TARGETED_DEVICE_FAMILY = "1,2";
				VALIDATE_PRODUCT = YES;
			};
			name = Release;
		};
		7FEDAF533078F792004AC6C2 /* Debug configuration for PBXNativeTarget "TUWien-MFA-Autofill (iOS)" */ = {
			isa = XCBuildConfiguration;
			buildSettings = {
				ASSETCATALOG_COMPILER_APPICON_NAME = AppIcon;
				ASSETCATALOG_COMPILER_GLOBAL_ACCENT_COLOR_NAME = AccentColor;
				CODE_SIGN_STYLE = Automatic;
				CURRENT_PROJECT_VERSION = 1;
				DEVELOPMENT_TEAM = A7FH98MU68;
				GENERATE_INFOPLIST_FILE = YES;
				INFOPLIST_FILE = "iOS (App)/Info.plist";
				INFOPLIST_KEY_CFBundleDisplayName = "TUWien-MFA-Autofill";
				INFOPLIST_KEY_LSApplicationCategoryType = "public.app-category.utilities";
				INFOPLIST_KEY_UIApplicationSupportsIndirectInputEvents = YES;
				INFOPLIST_KEY_UILaunchStoryboardName = LaunchScreen;
				INFOPLIST_KEY_UIMainStoryboardFile = Main;
				INFOPLIST_KEY_UISupportedInterfaceOrientations = "UIInterfaceOrientationPortrait UIInterfaceOrientationLandscapeLeft UIInterfaceOrientationLandscapeRight";
				INFOPLIST_KEY_UISupportedInterfaceOrientations_iPad = "UIInterfaceOrientationPortrait UIInterfaceOrientationPortraitUpsideDown UIInterfaceOrientationLandscapeLeft UIInterfaceOrientationLandscapeRight";
				IPHONEOS_DEPLOYMENT_TARGET = 17.0;
				LD_RUNPATH_SEARCH_PATHS = (
					"$(inherited)",
					"@executable_path/Frameworks",
				);
				MARKETING_VERSION = 1.0;
				OTHER_LDFLAGS = (
					"-framework",
					SafariServices,
					"-framework",
					WebKit,
				);
				PRODUCT_BUNDLE_IDENTIFIER = "io.github.thomasw2005.TUWien-MFA-Autofill";
				PRODUCT_NAME = "TUWien-MFA-Autofill";
				SDKROOT = iphoneos;
				STRING_CATALOG_GENERATE_SYMBOLS = YES;
				SUPPORTED_PLATFORMS = "iphoneos iphonesimulator";
				SUPPORTS_MACCATALYST = NO;
				SUPPORTS_XR_DESIGNED_FOR_IPHONE_IPAD = NO;
				SWIFT_APPROACHABLE_CONCURRENCY = YES;
				SWIFT_DEFAULT_ACTOR_ISOLATION = MainActor;
				SWIFT_EMIT_LOC_STRINGS = YES;
				SWIFT_UPCOMING_FEATURE_MEMBER_IMPORT_VISIBILITY = YES;
				SWIFT_VERSION = 5.0;
				TARGETED_DEVICE_FAMILY = "1,2";
			};
			name = Debug;
		};
		7FEDAF543078F792004AC6C2 /* Release configuration for PBXNativeTarget "TUWien-MFA-Autofill (iOS)" */ = {
			isa = XCBuildConfiguration;
			buildSettings = {
				ASSETCATALOG_COMPILER_APPICON_NAME = AppIcon;
				ASSETCATALOG_COMPILER_GLOBAL_ACCENT_COLOR_NAME = AccentColor;
				CODE_SIGN_STYLE = Automatic;
				CURRENT_PROJECT_VERSION = 1;
				DEVELOPMENT_TEAM = A7FH98MU68;
				GENERATE_INFOPLIST_FILE = YES;
				INFOPLIST_FILE = "iOS (App)/Info.plist";
				INFOPLIST_KEY_CFBundleDisplayName = "TUWien-MFA-Autofill";
				INFOPLIST_KEY_LSApplicationCategoryType = "public.app-category.utilities";
				INFOPLIST_KEY_UIApplicationSupportsIndirectInputEvents = YES;
				INFOPLIST_KEY_UILaunchStoryboardName = LaunchScreen;
				INFOPLIST_KEY_UIMainStoryboardFile = Main;
				INFOPLIST_KEY_UISupportedInterfaceOrientations = "UIInterfaceOrientationPortrait UIInterfaceOrientationLandscapeLeft UIInterfaceOrientationLandscapeRight";
				INFOPLIST_KEY_UISupportedInterfaceOrientations_iPad = "UIInterfaceOrientationPortrait UIInterfaceOrientationPortraitUpsideDown UIInterfaceOrientationLandscapeLeft UIInterfaceOrientationLandscapeRight";
				IPHONEOS_DEPLOYMENT_TARGET = 17.0;
				LD_RUNPATH_SEARCH_PATHS = (
					"$(inherited)",
					"@executable_path/Frameworks",
				);
				MARKETING_VERSION = 1.0;
				OTHER_LDFLAGS = (
					"-framework",
					SafariServices,
					"-framework",
					WebKit,
				);
				PRODUCT_BUNDLE_IDENTIFIER = "io.github.thomasw2005.TUWien-MFA-Autofill";
				PRODUCT_NAME = "TUWien-MFA-Autofill";
				SDKROOT = iphoneos;
				STRING_CATALOG_GENERATE_SYMBOLS = YES;
				SUPPORTED_PLATFORMS = "iphoneos iphonesimulator";
				SUPPORTS_MACCATALYST = NO;
				SUPPORTS_XR_DESIGNED_FOR_IPHONE_IPAD = NO;
				SWIFT_APPROACHABLE_CONCURRENCY = YES;
				SWIFT_DEFAULT_ACTOR_ISOLATION = MainActor;
				SWIFT_EMIT_LOC_STRINGS = YES;
				SWIFT_UPCOMING_FEATURE_MEMBER_IMPORT_VISIBILITY = YES;
				SWIFT_VERSION = 5.0;
				TARGETED_DEVICE_FAMILY = "1,2";
				VALIDATE_PRODUCT = YES;
			};
			name = Release;
		};
		7FEDAF563078F792004AC6C2 /* Debug configuration for PBXNativeTarget "TUWien-MFA-Autofill Extension (macOS)" */ = {
			isa = XCBuildConfiguration;
			buildSettings = {
				CODE_SIGN_STYLE = Automatic;
				CURRENT_PROJECT_VERSION = 1;
				ENABLE_APP_SANDBOX = YES;
				ENABLE_HARDENED_RUNTIME = YES;
				ENABLE_USER_SELECTED_FILES = readonly;
				GENERATE_INFOPLIST_FILE = YES;
				INFOPLIST_FILE = "macOS (Extension)/Info.plist";
				INFOPLIST_KEY_CFBundleDisplayName = "TUWien-MFA-Autofill Extension";
				INFOPLIST_KEY_NSHumanReadableCopyright = "";
				LD_RUNPATH_SEARCH_PATHS = (
					"$(inherited)",
					"@executable_path/../Frameworks",
					"@executable_path/../../../../Frameworks",
				);
				MACOSX_DEPLOYMENT_TARGET = 12.0;
				MARKETING_VERSION = 1.0;
				OTHER_LDFLAGS = (
					"-framework",
					SafariServices,
				);
				PRODUCT_BUNDLE_IDENTIFIER = "io.github.thomasw2005.TUWien-MFA-Autofill.Extension";
				PRODUCT_NAME = "TUWien-MFA-Autofill Extension";
				SDKROOT = macosx;
				SKIP_INSTALL = YES;
				STRING_CATALOG_GENERATE_SYMBOLS = YES;
				SWIFT_APPROACHABLE_CONCURRENCY = YES;
				SWIFT_EMIT_LOC_STRINGS = YES;
				SWIFT_UPCOMING_FEATURE_MEMBER_IMPORT_VISIBILITY = YES;
				SWIFT_VERSION = 5.0;
			};
			name = Debug;
		};
		7FEDAF573078F792004AC6C2 /* Release configuration for PBXNativeTarget "TUWien-MFA-Autofill Extension (macOS)" */ = {
			isa = XCBuildConfiguration;
			buildSettings = {
				CODE_SIGN_STYLE = Automatic;
				CURRENT_PROJECT_VERSION = 1;
				ENABLE_APP_SANDBOX = YES;
				ENABLE_HARDENED_RUNTIME = YES;
				ENABLE_USER_SELECTED_FILES = readonly;
				GENERATE_INFOPLIST_FILE = YES;
				INFOPLIST_FILE = "macOS (Extension)/Info.plist";
				INFOPLIST_KEY_CFBundleDisplayName = "TUWien-MFA-Autofill Extension";
				INFOPLIST_KEY_NSHumanReadableCopyright = "";
				LD_RUNPATH_SEARCH_PATHS = (
					"$(inherited)",
					"@executable_path/../Frameworks",
					"@executable_path/../../../../Frameworks",
				);
				MACOSX_DEPLOYMENT_TARGET = 12.0;
				MARKETING_VERSION = 1.0;
				OTHER_LDFLAGS = (
					"-framework",
					SafariServices,
				);
				PRODUCT_BUNDLE_IDENTIFIER = "io.github.thomasw2005.TUWien-MFA-Autofill.Extension";
				PRODUCT_NAME = "TUWien-MFA-Autofill Extension";
				SDKROOT = macosx;
				SKIP_INSTALL = YES;
				STRING_CATALOG_GENERATE_SYMBOLS = YES;
				SWIFT_APPROACHABLE_CONCURRENCY = YES;
				SWIFT_EMIT_LOC_STRINGS = YES;
				SWIFT_UPCOMING_FEATURE_MEMBER_IMPORT_VISIBILITY = YES;
				SWIFT_VERSION = 5.0;
			};
			name = Release;
		};
		7FEDAF5A3078F792004AC6C2 /* Debug configuration for PBXNativeTarget "TUWien-MFA-Autofill (macOS)" */ = {
			isa = XCBuildConfiguration;
			buildSettings = {
				ASSETCATALOG_COMPILER_APPICON_NAME = AppIcon;
				ASSETCATALOG_COMPILER_GLOBAL_ACCENT_COLOR_NAME = AccentColor;
				CODE_SIGN_STYLE = Automatic;
				CURRENT_PROJECT_VERSION = 1;
				ENABLE_APP_SANDBOX = YES;
				ENABLE_HARDENED_RUNTIME = YES;
				ENABLE_OUTGOING_NETWORK_CONNECTIONS = YES;
				ENABLE_USER_SELECTED_FILES = readonly;
				GENERATE_INFOPLIST_FILE = YES;
				INFOPLIST_FILE = "macOS (App)/Info.plist";
				INFOPLIST_KEY_CFBundleDisplayName = "TUWien-MFA-Autofill";
				INFOPLIST_KEY_NSMainStoryboardFile = Main;
				INFOPLIST_KEY_NSPrincipalClass = NSApplication;
				LD_RUNPATH_SEARCH_PATHS = (
					"$(inherited)",
					"@executable_path/../Frameworks",
				);
				MACOSX_DEPLOYMENT_TARGET = 12.0;
				MARKETING_VERSION = 1.0;
				OTHER_LDFLAGS = (
					"-framework",
					SafariServices,
					"-framework",
					WebKit,
				);
				PRODUCT_BUNDLE_IDENTIFIER = "io.github.thomasw2005.TUWien-MFA-Autofill";
				PRODUCT_NAME = "TUWien-MFA-Autofill";
				REGISTER_APP_GROUPS = YES;
				SDKROOT = macosx;
				STRING_CATALOG_GENERATE_SYMBOLS = YES;
				SWIFT_APPROACHABLE_CONCURRENCY = YES;
				SWIFT_DEFAULT_ACTOR_ISOLATION = MainActor;
				SWIFT_EMIT_LOC_STRINGS = YES;
				SWIFT_UPCOMING_FEATURE_MEMBER_IMPORT_VISIBILITY = YES;
				SWIFT_VERSION = 5.0;
			};
			name = Debug;
		};
		7FEDAF5B3078F792004AC6C2 /* Release configuration for PBXNativeTarget "TUWien-MFA-Autofill (macOS)" */ = {
			isa = XCBuildConfiguration;
			buildSettings = {
				ASSETCATALOG_COMPILER_APPICON_NAME = AppIcon;
				ASSETCATALOG_COMPILER_GLOBAL_ACCENT_COLOR_NAME = AccentColor;
				CODE_SIGN_STYLE = Automatic;
				CURRENT_PROJECT_VERSION = 1;
				ENABLE_APP_SANDBOX = YES;
				ENABLE_HARDENED_RUNTIME = YES;
				ENABLE_OUTGOING_NETWORK_CONNECTIONS = YES;
				ENABLE_USER_SELECTED_FILES = readonly;
				GENERATE_INFOPLIST_FILE = YES;
				INFOPLIST_FILE = "macOS (App)/Info.plist";
				INFOPLIST_KEY_CFBundleDisplayName = "TUWien-MFA-Autofill";
				INFOPLIST_KEY_NSMainStoryboardFile = Main;
				INFOPLIST_KEY_NSPrincipalClass = NSApplication;
				LD_RUNPATH_SEARCH_PATHS = (
					"$(inherited)",
					"@executable_path/../Frameworks",
				);
				MACOSX_DEPLOYMENT_TARGET = 12.0;
				MARKETING_VERSION = 1.0;
				OTHER_LDFLAGS = (
					"-framework",
					SafariServices,
					"-framework",
					WebKit,
				);
				PRODUCT_BUNDLE_IDENTIFIER = "io.github.thomasw2005.TUWien-MFA-Autofill";
				PRODUCT_NAME = "TUWien-MFA-Autofill";
				REGISTER_APP_GROUPS = YES;
				SDKROOT = macosx;
				STRING_CATALOG_GENERATE_SYMBOLS = YES;
				SWIFT_APPROACHABLE_CONCURRENCY = YES;
				SWIFT_DEFAULT_ACTOR_ISOLATION = MainActor;
				SWIFT_EMIT_LOC_STRINGS = YES;
				SWIFT_UPCOMING_FEATURE_MEMBER_IMPORT_VISIBILITY = YES;
				SWIFT_VERSION = 5.0;
			};
			name = Release;
		};
/* End XCBuildConfiguration section */

/* Begin XCConfigurationList section */
		7FEDAF003078F791004AC6C2 /* Build configuration list for PBXProject "TUWien-MFA-Autofill" */ = {
			isa = XCConfigurationList;
			buildConfigurations = (
				7FEDAF4C3078F792004AC6C2 /* Debug configuration for PBXProject "TUWien-MFA-Autofill" */,
				7FEDAF4D3078F792004AC6C2 /* Release configuration for PBXProject "TUWien-MFA-Autofill" */,
			);
			defaultConfigurationName = Release;
		};
		7FEDAF4E3078F792004AC6C2 /* Build configuration list for PBXNativeTarget "TUWien-MFA-Autofill Extension (iOS)" */ = {
			isa = XCConfigurationList;
			buildConfigurations = (
				7FEDAF4F3078F792004AC6C2 /* Debug configuration for PBXNativeTarget "TUWien-MFA-Autofill Extension (iOS)" */,
				7FEDAF503078F792004AC6C2 /* Release configuration for PBXNativeTarget "TUWien-MFA-Autofill Extension (iOS)" */,
			);
			defaultConfigurationName = Release;
		};
		7FEDAF523078F792004AC6C2 /* Build configuration list for PBXNativeTarget "TUWien-MFA-Autofill (iOS)" */ = {
			isa = XCConfigurationList;
			buildConfigurations = (
				7FEDAF533078F792004AC6C2 /* Debug configuration for PBXNativeTarget "TUWien-MFA-Autofill (iOS)" */,
				7FEDAF543078F792004AC6C2 /* Release configuration for PBXNativeTarget "TUWien-MFA-Autofill (iOS)" */,
			);
			defaultConfigurationName = Release;
		};
		7FEDAF553078F792004AC6C2 /* Build configuration list for PBXNativeTarget "TUWien-MFA-Autofill Extension (macOS)" */ = {
			isa = XCConfigurationList;
			buildConfigurations = (
				7FEDAF563078F792004AC6C2 /* Debug configuration for PBXNativeTarget "TUWien-MFA-Autofill Extension (macOS)" */,
				7FEDAF573078F792004AC6C2 /* Release configuration for PBXNativeTarget "TUWien-MFA-Autofill Extension (macOS)" */,
			);
			defaultConfigurationName = Release;
		};
		7FEDAF593078F792004AC6C2 /* Build configuration list for PBXNativeTarget "TUWien-MFA-Autofill (macOS)" */ = {
			isa = XCConfigurationList;
			buildConfigurations = (
				7FEDAF5A3078F792004AC6C2 /* Debug configuration for PBXNativeTarget "TUWien-MFA-Autofill (macOS)" */,
				7FEDAF5B3078F792004AC6C2 /* Release configuration for PBXNativeTarget "TUWien-MFA-Autofill (macOS)" */,
			);
			defaultConfigurationName = Release;
		};
/* End XCConfigurationList section */
	};
	rootObject = 7FEDAEFD3078F791004AC6C2 /* Project object */;
	validationLevel = 1;
}
